// !$*UTF8*$!
{
	archiveVersion = 1;
	classes = {
	};
	objectVersion = 56;
	objects = {

/* Begin PBXBuildFile section */
		BA343D142981D22C00BC0BA2 /* Landmark.swift in Sources */ = {isa = PBXBuildFile; fileRef = BA343D132981D22C00BC0BA2 /* Landmark.swift */; };
		BA343D202981D2FF00BC0BA2 /* lakemcdonald@2x.jpg in Resources */ = {isa = PBXBuildFile; fileRef = BA343D152981D2FE00BC0BA2 /* lakemcdonald@2x.jpg */; };
		BA343D212981D2FF00BC0BA2 /* rainbowlake@2x.jpg in Resources */ = {isa = PBXBuildFile; fileRef = BA343D162981D2FE00BC0BA2 /* rainbowlake@2x.jpg */; };
		BA343D222981D2FF00BC0BA2 /* charleyrivers@2x.jpg in Resources */ = {isa = PBXBuildFile; fileRef = BA343D172981D2FE00BC0BA2 /* charleyrivers@2x.jpg */; };
		BA343D232981D2FF00BC0BA2 /* stmarylake@2x.jpg in Resources */ = {isa = PBXBuildFile; fileRef = BA343D182981D2FE00BC0BA2 /* stmarylake@2x.jpg */; };
		BA343D242981D2FF00BC0BA2 /* twinlake@2x.jpg in Resources */ = {isa = PBXBuildFile; fileRef = BA343D192981D2FE00BC0BA2 /* twinlake@2x.jpg */; };
		BA343D252981D2FF00BC0BA2 /* hiddenlake@2x.jpg in Resources */ = {isa = PBXBuildFile; fileRef = BA343D1A2981D2FF00BC0BA2 /* hiddenlake@2x.jpg */; };
		BA343D262981D2FF00BC0BA2 /* chilkoottrail@2x.jpg in Resources */ = {isa = PBXBuildFile; fileRef = BA343D1B2981D2FF00BC0BA2 /* chilkoottrail@2x.jpg */; };
		BA343D272981D2FF00BC0BA2 /* chincoteague@2x.jpg in Resources */ = {isa = PBXBuildFile; fileRef = BA343D1C2981D2FF00BC0BA2 /* chincoteague@2x.jpg */; };
		BA343D282981D2FF00BC0BA2 /* umbagog@2x.jpg in Resources */ = {isa = PBXBuildFile; fileRef = BA343D1D2981D2FF00BC0BA2 /* umbagog@2x.jpg */; };
		BA343D292981D2FF00BC0BA2 /* silversalmoncreek@2x.jpg in Resources */ = {isa = PBXBuildFile; fileRef = BA343D1E2981D2FF00BC0BA2 /* silversalmoncreek@2x.jpg */; };
		BA343D2A2981D2FF00BC0BA2 /* icybay@2x.jpg in Resources */ = {isa = PBXBuildFile; fileRef = BA343D1F2981D2FF00BC0BA2 /* icybay@2x.jpg */; };
		BA343D2C2981D59200BC0BA2 /* ModelData.swift in Sources */ = {isa = PBXBuildFile; fileRef = BA343D2B2981D59200BC0BA2 /* ModelData.swift */; };
		BA343D332981DB8700BC0BA2 /* landmarkData.json in Resources */ = {isa = PBXBuildFile; fileRef = BA343D322981DB8700BC0BA2 /* landmarkData.json */; };
		BA343D362981DBE200BC0BA2 /* LandmarkRow.swift in Sources */ = {isa = PBXBuildFile; fileRef = BA343D352981DBE200BC0BA2 /* LandmarkRow.swift */; };
		BA343D38298316F600BC0BA2 /* LandmarkList.swift in Sources */ = {isa = PBXBuildFile; fileRef = BA343D37298316F600BC0BA2 /* LandmarkList.swift */; };
		BA343D3C29831A9000BC0BA2 /* LandmarkDetails.swift in Sources */ = {isa = PBXBuildFile; fileRef = BA343D3B29831A9000BC0BA2 /* LandmarkDetails.swift */; };
		BAA2087F2986D2E0005F222E /* FavoriteButton.swift in Sources */ = {isa = PBXBuildFile; fileRef = BAA2087E2986D2E0005F222E /* FavoriteButton.swift */; };
		BAA208832986D9CC005F222E /* HexagonParameters.swift in Sources */ = {isa = PBXBuildFile; fileRef = BAA208822986D9CC005F222E /* HexagonParameters.swift */; };
		BAA208872986DB7F005F222E /* BadgeBackground.swift in Sources */ = {isa = PBXBuildFile; fileRef = BAA208862986DB7F005F222E /* BadgeBackground.swift */; };
		BAC0BB2F297AFC4300DBB33D /* LandmarksApp.swift in Sources */ = {isa = PBXBuildFile; fileRef = BAC0BB2E297AFC4300DBB33D /* LandmarksApp.swift */; };
		BAC0BB31297AFC4300DBB33D /* ContentView.swift in Sources */ = {isa = PBXBuildFile; fileRef = BAC0BB30297AFC4300DBB33D /* ContentView.swift */; };
		BAC0BB33297AFC4300DBB33D /* Assets.xcassets in Resources */ = {isa = PBXBuildFile; fileRef = BAC0BB32297AFC4300DBB33D /* Assets.xcassets */; };
		BAC0BB36297AFC4300DBB33D /* Preview Assets.xcassets in Resources */ = {isa = PBXBuildFile; fileRef = BAC0BB35297AFC4300DBB33D /* Preview Assets.xcassets */; };
		BAC0BB40297AFC4400DBB33D /* LandmarksTests.swift in Sources */ = {isa = PBXBuildFile; fileRef = BAC0BB3F297AFC4400DBB33D /* LandmarksTests.swift */; };
		BAC0BB4A297AFC4400DBB33D /* LandmarksUITests.swift in Sources */ = {isa = PBXBuildFile; fileRef = BAC0BB49297AFC4400DBB33D /* LandmarksUITests.swift */; };
		BAC0BB4C297AFC4400DBB33D /* LandmarksUITestsLaunchTests.swift in Sources */ = {isa = PBXBuildFile; fileRef = BAC0BB4B297AFC4400DBB33D /* LandmarksUITestsLaunchTests.swift */; };
		BAC0BB59297B16B200DBB33D /* CircleImage.swift in Sources */ = {isa = PBXBuildFile; fileRef = BAC0BB58297B16B200DBB33D /* CircleImage.swift */; };
		BAC0BB5B297B4FA500DBB33D /* MapView.swift in Sources */ = {isa = PBXBuildFile; fileRef = BAC0BB5A297B4FA500DBB33D /* MapView.swift */; };
/* End PBXBuildFile section */

/* Begin PBXContainerItemProxy section */
		BAC0BB3C297AFC4400DBB33D /* PBXContainerItemProxy */ = {
			isa = PBXContainerItemProxy;
			containerPortal = BAC0BB23297AFC4300DBB33D /* Project object */;
			proxyType = 1;
			remoteGlobalIDString = BAC0BB2A297AFC4300DBB33D;
			remoteInfo = Landmarks;
		};
		BAC0BB46297AFC4400DBB33D /* PBXContainerItemProxy */ = {
			isa = PBXContainerItemProxy;
			containerPortal = BAC0BB23297AFC4300DBB33D /* Project object */;
			proxyType = 1;
			remoteGlobalIDString = BAC0BB2A297AFC4300DBB33D;
			remoteInfo = Landmarks;
		};
/* End PBXContainerItemProxy section */

/* Begin PBXFileReference section */
		BA343D132981D22C00BC0BA2 /* Landmark.swift */ = {isa = PBXFileReference; lastKnownFileType = sourcecode.swift; path = Landmark.swift; sourceTree = "<group>"; };
		BA343D152981D2FE00BC0BA2 /* lakemcdonald@2x.jpg */ = {isa = PBXFileReference; lastKnownFileType = image.jpeg; path = "lakemcdonald@2x.jpg"; sourceTree = "<group>"; };
		BA343D162981D2FE00BC0BA2 /* rainbowlake@2x.jpg */ = {isa = PBXFileReference; lastKnownFileType = image.jpeg; path = "rainbowlake@2x.jpg"; sourceTree = "<group>"; };
		BA343D172981D2FE00BC0BA2 /* charleyrivers@2x.jpg */ = {isa = PBXFileReference; lastKnownFileType = image.jpeg; path = "charleyrivers@2x.jpg"; sourceTree = "<group>"; };
		BA343D182981D2FE00BC0BA2 /* stmarylake@2x.jpg */ = {isa = PBXFileReference; lastKnownFileType = image.jpeg; path = "stmarylake@2x.jpg"; sourceTree = "<group>"; };
		BA343D192981D2FE00BC0BA2 /* twinlake@2x.jpg */ = {isa = PBXFileReference; lastKnownFileType = image.jpeg; path = "twinlake@2x.jpg"; sourceTree = "<group>"; };
		BA343D1A2981D2FF00BC0BA2 /* hiddenlake@2x.jpg */ = {isa = PBXFileReference; lastKnownFileType = image.jpeg; path = "hiddenlake@2x.jpg"; sourceTree = "<group>"; };
		BA343D1B2981D2FF00BC0BA2 /* chilkoottrail@2x.jpg */ = {isa = PBXFileReference; lastKnownFileType = image.jpeg; path = "chilkoottrail@2x.jpg"; sourceTree = "<group>"; };
		BA343D1C2981D2FF00BC0BA2 /* chincoteague@2x.jpg */ = {isa = PBXFileReference; lastKnownFileType = image.jpeg; path = "chincoteague@2x.jpg"; sourceTree = "<group>"; };
		BA343D1D2981D2FF00BC0BA2 /* umbagog@2x.jpg */ = {isa = PBXFileReference; lastKnownFileType = image.jpeg; path = "umbagog@2x.jpg"; sourceTree = "<group>"; };
		BA343D1E2981D2FF00BC0BA2 /* silversalmoncreek@2x.jpg */ = {isa = PBXFileReference; lastKnownFileType = image.jpeg; path = "silversalmoncreek@2x.jpg"; sourceTree = "<group>"; };
		BA343D1F2981D2FF00BC0BA2 /* icybay@2x.jpg */ = {isa = PBXFileReference; lastKnownFileType = image.jpeg; path = "icybay@2x.jpg"; sourceTree = "<group>"; };
		BA343D2B2981D59200BC0BA2 /* ModelData.swift */ = {isa = PBXFileReference; lastKnownFileType = sourcecode.swift; path = ModelData.swift; sourceTree = "<group>"; };
		BA343D322981DB8700BC0BA2 /* landmarkData.json */ = {isa = PBXFileReference; fileEncoding = 4; lastKnownFileType = text.json; path = landmarkData.json; sourceTree = "<group>"; };
		BA343D352981DBE200BC0BA2 /* LandmarkRow.swift */ = {isa = PBXFileReference; lastKnownFileType = sourcecode.swift; path = LandmarkRow.swift; sourceTree = "<group>"; };
		BA343D37298316F600BC0BA2 /* LandmarkList.swift */ = {isa = PBXFileReference; lastKnownFileType = sourcecode.swift; path = LandmarkList.swift; sourceTree = "<group>"; };
		BA343D3B29831A9000BC0BA2 /* LandmarkDetails.swift */ = {isa = PBXFileReference; lastKnownFileType = sourcecode.swift; path = LandmarkDetails.swift; sourceTree = "<group>"; };
		BAA2087E2986D2E0005F222E /* FavoriteButton.swift */ = {isa = PBXFileReference; lastKnownFileType = sourcecode.swift; path = FavoriteButton.swift; sourceTree = "<group>"; };
		BAA208822986D9CC005F222E /* HexagonParameters.swift */ = {isa = PBXFileReference; lastKnownFileType = sourcecode.swift; path = HexagonParameters.swift; sourceTree = "<group>"; };
		BAA208862986DB7F005F222E /* BadgeBackground.swift */ = {isa = PBXFileReference; lastKnownFileType = sourcecode.swift; path = BadgeBackground.swift; sourceTree = "<group>"; };
		BAC0BB2B297AFC4300DBB33D /* Landmarks.app */ = {isa = PBXFileReference; explicitFileType = wrapper.application; includeInIndex = 0; path = Landmarks.app; sourceTree = BUILT_PRODUCTS_DIR; };
		BAC0BB2E297AFC4300DBB33D /* LandmarksApp.swift */ = {isa = PBXFileReference; lastKnownFileType = sourcecode.swift; path = LandmarksApp.swift; sourceTree = "<group>"; };
		BAC0BB30297AFC4300DBB33D /* ContentView.swift */ = {isa = PBXFileReference; lastKnownFileType = sourcecode.swift; path = ContentView.swift; sourceTree = "<group>"; };
		BAC0BB32297AFC4300DBB33D /* Assets.xcassets */ = {isa = PBXFileReference; lastKnownFileType = folder.assetcatalog; path = Assets.xcassets; sourceTree = "<group>"; };
		BAC0BB35297AFC4300DBB33D /* Preview Assets.xcassets */ = {isa = PBXFileReference; lastKnownFileType = folder.assetcatalog; path = "Preview Assets.xcassets"; sourceTree = "<group>"; };
		BAC0BB3B297AFC4400DBB33D /* LandmarksTests.xctest */ = {isa = PBXFileReference; explicitFileType = wrapper.cfbundle; includeInIndex = 0; path = LandmarksTests.xctest; sourceTree = BUILT_PRODUCTS_DIR; };
		BAC0BB3F297AFC4400DBB33D /* LandmarksTests.swift */ = {isa = PBXFileReference; lastKnownFileType = sourcecode.swift; path = LandmarksTests.swift; sourceTree = "<group>"; };
		BAC0BB45297AFC4400DBB33D /* LandmarksUITests.xctest */ = {isa = PBXFileReference; explicitFileType = wrapper.cfbundle; includeInIndex = 0; path = LandmarksUITests.xctest; sourceTree = BUILT_PRODUCTS_DIR; };
		BAC0BB49297AFC4400DBB33D /* LandmarksUITests.swift */ = {isa = PBXFileReference; lastKnownFileType = sourcecode.swift; path = LandmarksUITests.swift; sourceTree = "<group>"; };
		BAC0BB4B297AFC4400DBB33D /* LandmarksUITestsLaunchTests.swift */ = {isa = PBXFileReference; lastKnownFileType = sourcecode.swift; path = LandmarksUITestsLaunchTests.swift; sourceTree = "<group>"; };
		BAC0BB58297B16B200DBB33D /* CircleImage.swift */ = {isa = PBXFileReference; lastKnownFileType = sourcecode.swift; path = CircleImage.swift; sourceTree = "<group>"; };
		BAC0BB5A297B4FA500DBB33D /* MapView.swift */ = {isa = PBXFileReference; lastKnownFileType = sourcecode.swift; path = MapView.swift; sourceTree = "<group>"; };
/* End PBXFileReference section */

/* Begin PBXFrameworksBuildPhase section */
		BAC0BB28297AFC4300DBB33D /* Frameworks */ = {
			isa = PBXFrameworksBuildPhase;
			buildActionMask = 2147483647;
			files = (
			);
			runOnlyForDeploymentPostprocessing = 0;
		};
		BAC0BB38297AFC4400DBB33D /* Frameworks */ = {
			isa = PBXFrameworksBuildPhase;
			buildActionMask = 2147483647;
			files = (
			);
			runOnlyForDeploymentPostprocessing = 0;
		};
		BAC0BB42297AFC4400DBB33D /* Frameworks */ = {
			isa = PBXFrameworksBuildPhase;
			buildActionMask = 2147483647;
			files = (
			);
			runOnlyForDeploymentPostprocessing = 0;
		};
/* End PBXFrameworksBuildPhase section */

/* Begin PBXGroup section */
		BA343D2E2981D7BE00BC0BA2 /* View */ = {
			isa = PBXGroup;
			children = (
				BAA208812986D3E4005F222E /* Helpers */,
				BAA208802986D3D7005F222E /* Landmarks */,
				BAC0BB30297AFC4300DBB33D /* ContentView.swift */,
			);
			path = View;
			sourceTree = "<group>";
		};
		BA343D2F2981D7F400BC0BA2 /* Model */ = {
			isa = PBXGroup;
			children = (
				BA343D132981D22C00BC0BA2 /* Landmark.swift */,
				BA343D2B2981D59200BC0BA2 /* ModelData.swift */,
			);
			path = Model;
			sourceTree = "<group>";
		};
		BA343D342981DBA200BC0BA2 /* Rescources */ = {
			isa = PBXGroup;
			children = (
				BA343D322981DB8700BC0BA2 /* landmarkData.json */,
			);
			path = Rescources;
			sourceTree = "<group>";
		};
		BAA208802986D3D7005F222E /* Landmarks */ = {
			isa = PBXGroup;
			children = (
				BA343D3B29831A9000BC0BA2 /* LandmarkDetails.swift */,
				BA343D37298316F600BC0BA2 /* LandmarkList.swift */,
				BAA208822986D9CC005F222E /* HexagonParameters.swift */,
				BA343D352981DBE200BC0BA2 /* LandmarkRow.swift */,
				BAA208862986DB7F005F222E /* BadgeBackground.swift */,
			);
			path = Landmarks;
			sourceTree = "<group>";
		};
		BAA208812986D3E4005F222E /* Helpers */ = {
			isa = PBXGroup;
			children = (
				BAA2087E2986D2E0005F222E /* FavoriteButton.swift */,
				BAC0BB5A297B4FA500DBB33D /* MapView.swift */,
				BAC0BB58297B16B200DBB33D /* CircleImage.swift */,
			);
			path = Helpers;
			sourceTree = "<group>";
		};
		BAC0BB22297AFC4300DBB33D = {
			isa = PBXGroup;
			children = (
				BAC0BB2D297AFC4300DBB33D /* Landmarks */,
				BAC0BB3E297AFC4400DBB33D /* LandmarksTests */,
				BAC0BB48297AFC4400DBB33D /* LandmarksUITests */,
				BAC0BB2C297AFC4300DBB33D /* Products */,
			);
			sourceTree = "<group>";
		};
		BAC0BB2C297AFC4300DBB33D /* Products */ = {
			isa = PBXGroup;
			children = (
				BAC0BB2B297AFC4300DBB33D /* Landmarks.app */,
				BAC0BB3B297AFC4400DBB33D /* LandmarksTests.xctest */,
				BAC0BB45297AFC4400DBB33D /* LandmarksUITests.xctest */,
			);
			name = Products;
			sourceTree = "<group>";
		};
		BAC0BB2D297AFC4300DBB33D /* Landmarks */ = {
			isa = PBXGroup;
			children = (
				BAC0BB2E297AFC4300DBB33D /* LandmarksApp.swift */,
				BA343D342981DBA200BC0BA2 /* Rescources */,
				BA343D2F2981D7F400BC0BA2 /* Model */,
				BA343D2E2981D7BE00BC0BA2 /* View */,
				BA343D172981D2FE00BC0BA2 /* charleyrivers@2x.jpg */,
				BA343D1B2981D2FF00BC0BA2 /* chilkoottrail@2x.jpg */,
				BA343D1C2981D2FF00BC0BA2 /* chincoteague@2x.jpg */,
				BA343D1A2981D2FF00BC0BA2 /* hiddenlake@2x.jpg */,
				BA343D1F2981D2FF00BC0BA2 /* icybay@2x.jpg */,
				BA343D152981D2FE00BC0BA2 /* lakemcdonald@2x.jpg */,
				BA343D162981D2FE00BC0BA2 /* rainbowlake@2x.jpg */,
				BA343D1E2981D2FF00BC0BA2 /* silversalmoncreek@2x.jpg */,
				BA343D182981D2FE00BC0BA2 /* stmarylake@2x.jpg */,
				BA343D192981D2FE00BC0BA2 /* twinlake@2x.jpg */,
				BA343D1D2981D2FF00BC0BA2 /* umbagog@2x.jpg */,
				BAC0BB32297AFC4300DBB33D /* Assets.xcassets */,
				BAC0BB34297AFC4300DBB33D /* Preview Content */,
			);
			path = Landmarks;
			sourceTree = "<group>";
		};
		BAC0BB34297AFC4300DBB33D /* Preview Content */ = {
			isa = PBXGroup;
			children = (
				BAC0BB35297AFC4300DBB33D /* Preview Assets.xcassets */,
			);
			path = "Preview Content";
			sourceTree = "<group>";
		};
		BAC0BB3E297AFC4400DBB33D /* LandmarksTests */ = {
			isa = PBXGroup;
			children = (
				BAC0BB3F297AFC4400DBB33D /* LandmarksTests.swift */,
			);
			path = LandmarksTests;
			sourceTree = "<group>";
		};
		BAC0BB48297AFC4400DBB33D /* LandmarksUITests */ = {
			isa = PBXGroup;
			children = (
				BAC0BB49297AFC4400DBB33D /* LandmarksUITests.swift */,
				BAC0BB4B297AFC4400DBB33D /* LandmarksUITestsLaunchTests.swift */,
			);
			path = LandmarksUITests;
			sourceTree = "<group>";
		};
/* End PBXGroup section */

/* Begin PBXNativeTarget section */
		BAC0BB2A297AFC4300DBB33D /* Landmarks */ = {
			isa = PBXNativeTarget;
			buildConfigurationList = BAC0BB4F297AFC4400DBB33D /* Build configuration list for PBXNativeTarget "Landmarks" */;
			buildPhases = (
				BAC0BB27297AFC4300DBB33D /* Sources */,
				BAC0BB28297AFC4300DBB33D /* Frameworks */,
				BAC0BB29297AFC4300DBB33D /* Resources */,
			);
			buildRules = (
			);
			dependencies = (
			);
			name = Landmarks;
			productName = Landmarks;
			productReference = BAC0BB2B297AFC4300DBB33D /* Landmarks.app */;
			productType = "com.apple.product-type.application";
		};
		BAC0BB3A297AFC4400DBB33D /* LandmarksTests */ = {
			isa = PBXNativeTarget;
			buildConfigurationList = BAC0BB52297AFC4400DBB33D /* Build configuration list for PBXNativeTarget "LandmarksTests" */;
			buildPhases = (
				BAC0BB37297AFC4400DBB33D /* Sources */,
				BAC0BB38297AFC4400DBB33D /* Frameworks */,
				BAC0BB39297AFC4400DBB33D /* Resources */,
			);
			buildRules = (
			);
			dependencies = (
				BAC0BB3D297AFC4400DBB33D /* PBXTargetDependency */,
			);
			name = LandmarksTests;
			productName = LandmarksTests;
			productReference = BAC0BB3B297AFC4400DBB33D /* LandmarksTests.xctest */;
			productType = "com.apple.product-type.bundle.unit-test";
		};
		BAC0BB44297AFC4400DBB33D /* LandmarksUITests */ = {
			isa = PBXNativeTarget;
			buildConfigurationList = BAC0BB55297AFC4400DBB33D /* Build configuration list for PBXNativeTarget "LandmarksUITests" */;
			buildPhases = (
				BAC0BB41297AFC4400DBB33D /* Sources */,
				BAC0BB42297AFC4400DBB33D /* Frameworks */,
				BAC0BB43297AFC4400DBB33D /* Resources */,
			);
			buildRules = (
			);
			dependencies = (
				BAC0BB47297AFC4400DBB33D /* PBXTargetDependency */,
			);
			name = LandmarksUITests;
			productName = LandmarksUITests;
			productReference = BAC0BB45297AFC4400DBB33D /* LandmarksUITests.xctest */;
			productType = "com.apple.product-type.bundle.ui-testing";
		};
/* End PBXNativeTarget section */

/* Begin PBXProject section */
		BAC0BB23297AFC4300DBB33D /* Project object */ = {
			isa = PBXProject;
			attributes = {
				BuildIndependentTargetsInParallel = 1;
				LastSwiftUpdateCheck = 1420;
				LastUpgradeCheck = 1420;
				TargetAttributes = {
					BAC0BB2A297AFC4300DBB33D = {
						CreatedOnToolsVersion = 14.2;
					};
					BAC0BB3A297AFC4400DBB33D = {
						CreatedOnToolsVersion = 14.2;
						TestTargetID = BAC0BB2A297AFC4300DBB33D;
					};
					BAC0BB44297AFC4400DBB33D = {
						CreatedOnToolsVersion = 14.2;
						TestTargetID = BAC0BB2A297AFC4300DBB33D;
					};
				};
			};
			buildConfigurationList = BAC0BB26297AFC4300DBB33D /* Build configuration list for PBXProject "Landmarks" */;
			compatibilityVersion = "Xcode 14.0";
			developmentRegion = en;
			hasScannedForEncodings = 0;
			knownRegions = (
				en,
				Base,
			);
			mainGroup = BAC0BB22297AFC4300DBB33D;
			productRefGroup = BAC0BB2C297AFC4300DBB33D /* Products */;
			projectDirPath = "";
			projectRoot = "";
			targets = (
				BAC0BB2A297AFC4300DBB33D /* Landmarks */,
				BAC0BB3A297AFC4400DBB33D /* LandmarksTests */,
				BAC0BB44297AFC4400DBB33D /* LandmarksUITests */,
			);
		};
/* End PBXProject section */

/* Begin PBXResourcesBuildPhase section */
		BAC0BB29297AFC4300DBB33D /* Resources */ = {
			isa = PBXResourcesBuildPhase;
			buildActionMask = 2147483647;
			files = (
				BA343D212981D2FF00BC0BA2 /* rainbowlake@2x.jpg in Resources */,
				BAC0BB36297AFC4300DBB33D /* Preview Assets.xcassets in Resources */,
				BA343D222981D2FF00BC0BA2 /* charleyrivers@2x.jpg in Resources */,
				BAC0BB33297AFC4300DBB33D /* Assets.xcassets in Resources */,
				BA343D262981D2FF00BC0BA2 /* chilkoottrail@2x.jpg in Resources */,
				BA343D272981D2FF00BC0BA2 /* chincoteague@2x.jpg in Resources */,
				BA343D232981D2FF00BC0BA2 /* stmarylake@2x.jpg in Resources */,
				BA343D252981D2FF00BC0BA2 /* hiddenlake@2x.jpg in Resources */,
				BA343D292981D2FF00BC0BA2 /* silversalmoncreek@2x.jpg in Resources */,
				BA343D282981D2FF00BC0BA2 /* umbagog@2x.jpg in Resources */,
				BA343D2A2981D2FF00BC0BA2 /* icybay@2x.jpg in Resources */,
				BA343D332981DB8700BC0BA2 /* landmarkData.json in Resources */,
				BA343D202981D2FF00BC0BA2 /* lakemcdonald@2x.jpg in Resources */,
				BA343D242981D2FF00BC0BA2 /* twinlake@2x.jpg in Resources */,
			);
			runOnlyForDeploymentPostprocessing = 0;
		};
		BAC0BB39297AFC4400DBB33D /* Resources */ = {
			isa = PBXResourcesBuildPhase;
			buildActionMask = 2147483647;
			files = (
			);
			runOnlyForDeploymentPostprocessing = 0;
		};
		BAC0BB43297AFC4400DBB33D /* Resources */ = {
			isa = PBXResourcesBuildPhase;
			buildActionMask = 2147483647;
			files = (
			);
			runOnlyForDeploymentPostprocessing = 0;
		};
/* End PBXResourcesBuildPhase section */

/* Begin PBXSourcesBuildPhase section */
		BAC0BB27297AFC4300DBB33D /* Sources */ = {
			isa = PBXSourcesBuildPhase;
			buildActionMask = 2147483647;
			files = (
				BAC0BB31297AFC4300DBB33D /* ContentView.swift in Sources */,
				BAC0BB5B297B4FA500DBB33D /* MapView.swift in Sources */,
				BAC0BB2F297AFC4300DBB33D /* LandmarksApp.swift in Sources */,
				BAA2087F2986D2E0005F222E /* FavoriteButton.swift in Sources */,
				BAA208832986D9CC005F222E /* HexagonParameters.swift in Sources */,
				BA343D38298316F600BC0BA2 /* LandmarkList.swift in Sources */,
				BAC0BB59297B16B200DBB33D /* CircleImage.swift in Sources */,
				BAA208872986DB7F005F222E /* BadgeBackground.swift in Sources */,
				BA343D142981D22C00BC0BA2 /* Landmark.swift in Sources */,
				BA343D362981DBE200BC0BA2 /* LandmarkRow.swift in Sources */,
				BA343D2C2981D59200BC0BA2 /* ModelData.swift in Sources */,
				BA343D3C29831A9000BC0BA2 /* LandmarkDetails.swift in Sources */,
			);
			runOnlyForDeploymentPostprocessing = 0;
		};
		BAC0BB37297AFC4400DBB33D /* Sources */ = {
			isa = PBXSourcesBuildPhase;
			buildActionMask = 2147483647;
			files = (
				BAC0BB40297AFC4400DBB33D /* LandmarksTests.swift in Sources */,
			);
			runOnlyForDeploymentPostprocessing = 0;
		};
		BAC0BB41297AFC4400DBB33D /* Sources */ = {
			isa = PBXSourcesBuildPhase;
			buildActionMask = 2147483647;
			files = (
				BAC0BB4C297AFC4400DBB33D /* LandmarksUITestsLaunchTests.swift in Sources */,
				BAC0BB4A297AFC4400DBB33D /* LandmarksUITests.swift in Sources */,
			);
			runOnlyForDeploymentPostprocessing = 0;
		};
/* End PBXSourcesBuildPhase section */

/* Begin PBXTargetDependency section */
		BAC0BB3D297AFC4400DBB33D /* PBXTargetDependency */ = {
			isa = PBXTargetDependency;
			target = BAC0BB2A297AFC4300DBB33D /* Landmarks */;
			targetProxy = BAC0BB3C297AFC4400DBB33D /* PBXContainerItemProxy */;
		};
		BAC0BB47297AFC4400DBB33D /* PBXTargetDependency */ = {
			isa = PBXTargetDependency;
			target = BAC0BB2A297AFC4300DBB33D /* Landmarks */;
			targetProxy = BAC0BB46297AFC4400DBB33D /* PBXContainerItemProxy */;
		};
/* End PBXTargetDependency section */

/* Begin XCBuildConfiguration section */
		BAC0BB4D297AFC4400DBB33D /* Debug */ = {
			isa = XCBuildConfiguration;
			buildSettings = {
				ALWAYS_SEARCH_USER_PATHS = NO;
				CLANG_ANALYZER_NONNULL = YES;
				CLANG_ANALYZER_NUMBER_OBJECT_CONVERSION = YES_AGGRESSIVE;
				CLANG_CXX_LANGUAGE_STANDARD = "gnu++20";
				CLANG_ENABLE_MODULES = YES;
				CLANG_ENABLE_OBJC_ARC = YES;
				CLANG_ENABLE_OBJC_WEAK = YES;
				CLANG_WARN_BLOCK_CAPTURE_AUTORELEASING = YES;
				CLANG_WARN_BOOL_CONVERSION = YES;
				CLANG_WARN_COMMA = YES;
				CLANG_WARN_CONSTANT_CONVERSION = YES;
				CLANG_WARN_DEPRECATED_OBJC_IMPLEMENTATIONS = YES;
				CLANG_WARN_DIRECT_OBJC_ISA_USAGE = YES_ERROR;
				CLANG_WARN_DOCUMENTATION_COMMENTS = YES;
				CLANG_WARN_EMPTY_BODY = YES;
				CLANG_WARN_ENUM_CONVERSION = YES;
				CLANG_WARN_INFINITE_RECURSION = YES;
				CLANG_WARN_INT_CONVERSION = YES;
				CLANG_WARN_NON_LITERAL_NULL_CONVERSION = YES;
				CLANG_WARN_OBJC_IMPLICIT_RETAIN_SELF = YES;
				CLANG_WARN_OBJC_LITERAL_CONVERSION = YES;
				CLANG_WARN_OBJC_ROOT_CLASS = YES_ERROR;
				CLANG_WARN_QUOTED_INCLUDE_IN_FRAMEWORK_HEADER = YES;
				CLANG_WARN_RANGE_LOOP_ANALYSIS = YES;
				CLANG_WARN_STRICT_PROTOTYPES = YES;
				CLANG_WARN_SUSPICIOUS_MOVE = YES;
				CLANG_WARN_UNGUARDED_AVAILABILITY = YES_AGGRESSIVE;
				CLANG_WARN_UNREACHABLE_CODE = YES;
				CLANG_WARN__DUPLICATE_METHOD_MATCH = YES;
				COPY_PHASE_STRIP = NO;
				DEBUG_INFORMATION_FORMAT = dwarf;
				ENABLE_STRICT_OBJC_MSGSEND = YES;
				ENABLE_TESTABILITY = YES;
				GCC_C_LANGUAGE_STANDARD = gnu11;
				GCC_DYNAMIC_NO_PIC = NO;
				GCC_NO_COMMON_BLOCKS = YES;
				GCC_OPTIMIZATION_LEVEL = 0;
				GCC_PREPROCESSOR_DEFINITIONS = (
					"DEBUG=1",
					"$(inherited)",
				);
				GCC_WARN_64_TO_32_BIT_CONVERSION = YES;
				GCC_WARN_ABOUT_RETURN_TYPE = YES_ERROR;
				GCC_WARN_UNDECLARED_SELECTOR = YES;
				GCC_WARN_UNINITIALIZED_AUTOS = YES_AGGRESSIVE;
				GCC_WARN_UNUSED_FUNCTION = YES;
				GCC_WARN_UNUSED_VARIABLE = YES;
				IPHONEOS_DEPLOYMENT_TARGET = 16.2;
				MTL_ENABLE_DEBUG_INFO = INCLUDE_SOURCE;
				MTL_FAST_MATH = YES;
				ONLY_ACTIVE_ARCH = YES;
				SDKROOT = iphoneos;
				SWIFT_ACTIVE_COMPILATION_CONDITIONS = DEBUG;
				SWIFT_OPTIMIZATION_LEVEL = "-Onone";
			};
			name = Debug;
		};
		BAC0BB4E297AFC4400DBB33D /* Release */ = {
			isa = XCBuildConfiguration;
			buildSettings = {
				ALWAYS_SEARCH_USER_PATHS = NO;
				CLANG_ANALYZER_NONNULL = YES;
				CLANG_ANALYZER_NUMBER_OBJECT_CONVERSION = YES_AGGRESSIVE;
				CLANG_CXX_LANGUAGE_STANDARD = "gnu++20";
				CLANG_ENABLE_MODULES = YES;
				CLANG_ENABLE_OBJC_ARC = YES;
				CLANG_ENABLE_OBJC_WEAK = YES;
				CLANG_WARN_BLOCK_CAPTURE_AUTORELEASING = YES;
				CLANG_WARN_BOOL_CONVERSION = YES;
				CLANG_WARN_COMMA = YES;
				CLANG_WARN_CONSTANT_CONVERSION = YES;
				CLANG_WARN_DEPRECATED_OBJC_IMPLEMENTATIONS = YES;
				CLANG_WARN_DIRECT_OBJC_ISA_USAGE = YES_ERROR;
				CLANG_WARN_DOCUMENTATION_COMMENTS = YES;
				CLANG_WARN_EMPTY_BODY = YES;
				CLANG_WARN_ENUM_CONVERSION = YES;
				CLANG_WARN_INFINITE_RECURSION = YES;
				CLANG_WARN_INT_CONVERSION = YES;
				CLANG_WARN_NON_LITERAL_NULL_CONVERSION = YES;
				CLANG_WARN_OBJC_IMPLICIT_RETAIN_SELF = YES;
				CLANG_WARN_OBJC_LITERAL_CONVERSION = YES;
				CLANG_WARN_OBJC_ROOT_CLASS = YES_ERROR;
				CLANG_WARN_QUOTED_INCLUDE_IN_FRAMEWORK_HEADER = YES;
				CLANG_WARN_RANGE_LOOP_ANALYSIS = YES;
				CLANG_WARN_STRICT_PROTOTYPES = YES;
				CLANG_WARN_SUSPICIOUS_MOVE = YES;
				CLANG_WARN_UNGUARDED_AVAILABILITY = YES_AGGRESSIVE;
				CLANG_WARN_UNREACHABLE_CODE = YES;
				CLANG_WARN__DUPLICATE_METHOD_MATCH = YES;
				COPY_PHASE_STRIP = NO;
				DEBUG_INFORMATION_FORMAT = "dwarf-with-dsym";
				ENABLE_NS_ASSERTIONS = NO;
				ENABLE_STRICT_OBJC_MSGSEND = YES;
				GCC_C_LANGUAGE_STANDARD = gnu11;
				GCC_NO_COMMON_BLOCKS = YES;
				GCC_WARN_64_TO_32_BIT_CONVERSION = YES;
				GCC_WARN_ABOUT_RETURN_TYPE = YES_ERROR;
				GCC_WARN_UNDECLARED_SELECTOR = YES;
				GCC_WARN_UNINITIALIZED_AUTOS = YES_AGGRESSIVE;
				GCC_WARN_UNUSED_FUNCTION = YES;
				GCC_WARN_UNUSED_VARIABLE = YES;
				IPHONEOS_DEPLOYMENT_TARGET = 16.2;
				MTL_ENABLE_DEBUG_INFO = NO;
				MTL_FAST_MATH = YES;
				SDKROOT = iphoneos;
				SWIFT_COMPILATION_MODE = wholemodule;
				SWIFT_OPTIMIZATION_LEVEL = "-O";
				VALIDATE_PRODUCT = YES;
			};
			name = Release;
		};
		BAC0BB50297AFC4400DBB33D /* Debug */ = {
			isa = XCBuildConfiguration;
			buildSettings = {
				ASSETCATALOG_COMPILER_APPICON_NAME = AppIcon;
				ASSETCATALOG_COMPILER_GLOBAL_ACCENT_COLOR_NAME = AccentColor;
				CODE_SIGN_STYLE = Automatic;
				CURRENT_PROJECT_VERSION = 1;
				DEVELOPMENT_ASSET_PATHS = "\"Landmarks/Preview Content\"";
				DEVELOPMENT_TEAM = 7AWFJS2W5C;
				ENABLE_PREVIEWS = YES;
				GENERATE_INFOPLIST_FILE = YES;
				INFOPLIST_KEY_UIApplicationSceneManifest_Generation = YES;
				INFOPLIST_KEY_UIApplicationSupportsIndirectInputEvents = YES;
				INFOPLIST_KEY_UILaunchScreen_Generation = YES;
				INFOPLIST_KEY_UISupportedInterfaceOrientations_iPad = "UIInterfaceOrientationPortrait UIInterfaceOrientationPortraitUpsideDown UIInterfaceOrientationLandscapeLeft UIInterfaceOrientationLandscapeRight";
				INFOPLIST_KEY_UISupportedInterfaceOrientations_iPhone = "UIInterfaceOrientationPortrait UIInterfaceOrientationLandscapeLeft UIInterfaceOrientationLandscapeRight";
				LD_RUNPATH_SEARCH_PATHS = (
					"$(inherited)",
					"@executable_path/Frameworks",
				);
				MARKETING_VERSION = 1.0;
				PRODUCT_BUNDLE_IDENTIFIER = personal.Landmarks;
				PRODUCT_NAME = "$(TARGET_NAME)";
				SWIFT_EMIT_LOC_STRINGS = YES;
				SWIFT_VERSION = 5.0;
				TARGETED_DEVICE_FAMILY = "1,2";
			};
			name = Debug;
		};
		BAC0BB51297AFC4400DBB33D /* Release */ = {
			isa = XCBuildConfiguration;
			buildSettings = {
				ASSETCATALOG_COMPILER_APPICON_NAME = AppIcon;
				ASSETCATALOG_COMPILER_GLOBAL_ACCENT_COLOR_NAME = AccentColor;
				CODE_SIGN_STYLE = Automatic;
				CURRENT_PROJECT_VERSION = 1;
				DEVELOPMENT_ASSET_PATHS = "\"Landmarks/Preview Content\"";
				DEVELOPMENT_TEAM = 7AWFJS2W5C;
				ENABLE_PREVIEWS = YES;
				GENERATE_INFOPLIST_FILE = YES;
				INFOPLIST_KEY_UIApplicationSceneManifest_Generation = YES;
				INFOPLIST_KEY_UIApplicationSupportsIndirectInputEvents = YES;
				INFOPLIST_KEY_UILaunchScreen_Generation = YES;
				INFOPLIST_KEY_UISupportedInterfaceOrientations_iPad = "UIInterfaceOrientationPortrait UIInterfaceOrientationPortraitUpsideDown UIInterfaceOrientationLandscapeLeft UIInterfaceOrientationLandscapeRight";
				INFOPLIST_KEY_UISupportedInterfaceOrientations_iPhone = "UIInterfaceOrientationPortrait UIInterfaceOrientationLandscapeLeft UIInterfaceOrientationLandscapeRight";
				LD_RUNPATH_SEARCH_PATHS = (
					"$(inherited)",
					"@executable_path/Frameworks",
				);
				MARKETING_VERSION = 1.0;
				PRODUCT_BUNDLE_IDENTIFIER = personal.Landmarks;
				PRODUCT_NAME = "$(TARGET_NAME)";
				SWIFT_EMIT_LOC_STRINGS = YES;
				SWIFT_VERSION = 5.0;
				TARGETED_DEVICE_FAMILY = "1,2";
			};
			name = Release;
		};
		BAC0BB53297AFC4400DBB33D /* Debug */ = {
			isa = XCBuildConfiguration;
			buildSettings = {
				ALWAYS_EMBED_SWIFT_STANDARD_LIBRARIES = YES;
				BUNDLE_LOADER = "$(TEST_HOST)";
				CODE_SIGN_STYLE = Automatic;
				CURRENT_PROJECT_VERSION = 1;
				DEVELOPMENT_TEAM = 7AWFJS2W5C;
				GENERATE_INFOPLIST_FILE = YES;
				IPHONEOS_DEPLOYMENT_TARGET = 16.2;
				MARKETING_VERSION = 1.0;
				PRODUCT_BUNDLE_IDENTIFIER = personal.LandmarksTests;
				PRODUCT_NAME = "$(TARGET_NAME)";
				SWIFT_EMIT_LOC_STRINGS = NO;
				SWIFT_VERSION = 5.0;
				TARGETED_DEVICE_FAMILY = "1,2";
				TEST_HOST = "$(BUILT_PRODUCTS_DIR)/Landmarks.app/$(BUNDLE_EXECUTABLE_FOLDER_PATH)/Landmarks";
			};
			name = Debug;
		};
		BAC0BB54297AFC4400DBB33D /* Release */ = {
			isa = XCBuildConfiguration;
			buildSettings = {
				ALWAYS_EMBED_SWIFT_STANDARD_LIBRARIES = YES;
				BUNDLE_LOADER = "$(TEST_HOST)";
				CODE_SIGN_STYLE = Automatic;
				CURRENT_PROJECT_VERSION = 1;
				DEVELOPMENT_TEAM = 7AWFJS2W5C;
				GENERATE_INFOPLIST_FILE = YES;
				IPHONEOS_DEPLOYMENT_TARGET = 16.2;
				MARKETING_VERSION = 1.0;
				PRODUCT_BUNDLE_IDENTIFIER = personal.LandmarksTests;
				PRODUCT_NAME = "$(TARGET_NAME)";
				SWIFT_EMIT_LOC_STRINGS = NO;
				SWIFT_VERSION = 5.0;
				TARGETED_DEVICE_FAMILY = "1,2";
				TEST_HOST = "$(BUILT_PRODUCTS_DIR)/Landmarks.app/$(BUNDLE_EXECUTABLE_FOLDER_PATH)/Landmarks";
			};
			name = Release;
		};
		BAC0BB56297AFC4400DBB33D /* Debug */ = {
			isa = XCBuildConfiguration;
			buildSettings = {
				ALWAYS_EMBED_SWIFT_STANDARD_LIBRARIES = YES;
				CODE_SIGN_STYLE = Automatic;
				CURRENT_PROJECT_VERSION = 1;
				DEVELOPMENT_TEAM = 7AWFJS2W5C;
				GENERATE_INFOPLIST_FILE = YES;
				MARKETING_VERSION = 1.0;
				PRODUCT_BUNDLE_IDENTIFIER = personal.LandmarksUITests;
				PRODUCT_NAME = "$(TARGET_NAME)";
				SWIFT_EMIT_LOC_STRINGS = NO;
				SWIFT_VERSION = 5.0;
				TARGETED_DEVICE_FAMILY = "1,2";
				TEST_TARGET_NAME = Landmarks;
			};
			name = Debug;
		};
		BAC0BB57297AFC4400DBB33D /* Release */ = {
			isa = XCBuildConfiguration;
			buildSettings = {
				ALWAYS_EMBED_SWIFT_STANDARD_LIBRARIES = YES;
				CODE_SIGN_STYLE = Automatic;
				CURRENT_PROJECT_VERSION = 1;
				DEVELOPMENT_TEAM = 7AWFJS2W5C;
				GENERATE_INFOPLIST_FILE = YES;
				MARKETING_VERSION = 1.0;
				PRODUCT_BUNDLE_IDENTIFIER = personal.LandmarksUITests;
				PRODUCT_NAME = "$(TARGET_NAME)";
				SWIFT_EMIT_LOC_STRINGS = NO;
				SWIFT_VERSION = 5.0;
				TARGETED_DEVICE_FAMILY = "1,2";
				TEST_TARGET_NAME = Landmarks;
			};
			name = Release;
		};
/* End XCBuildConfiguration section */

/* Begin XCConfigurationList section */
		BAC0BB26297AFC4300DBB33D /* Build configuration list for PBXProject "Landmarks" */ = {
			isa = XCConfigurationList;
			buildConfigurations = (
				BAC0BB4D297AFC4400DBB33D /* Debug */,
				BAC0BB4E297AFC4400DBB33D /* Release */,
			);
			defaultConfigurationIsVisible = 0;
			defaultConfigurationName = Release;
		};
		BAC0BB4F297AFC4400DBB33D /* Build configuration list for PBXNativeTarget "Landmarks" */ = {
			isa = XCConfigurationList;
			buildConfigurations = (
				BAC0BB50297AFC4400DBB33D /* Debug */,
				BAC0BB51297AFC4400DBB33D /* Release */,
			);
			defaultConfigurationIsVisible = 0;
			defaultConfigurationName = Release;
		};
		BAC0BB52297AFC4400DBB33D /* Build configuration list for PBXNativeTarget "LandmarksTests" */ = {
			isa = XCConfigurationList;
			buildConfigurations = (
				BAC0BB53297AFC4400DBB33D /* Debug */,
				BAC0BB54297AFC4400DBB33D /* Release */,
			);
			defaultConfigurationIsVisible = 0;
			defaultConfigurationName = Release;
		};
		BAC0BB55297AFC4400DBB33D /* Build configuration list for PBXNativeTarget "LandmarksUITests" */ = {
			isa = XCConfigurationList;
			buildConfigurations = (
				BAC0BB56297AFC4400DBB33D /* Debug */,
				BAC0BB57297AFC4400DBB33D /* Release */,
			);
			defaultConfigurationIsVisible = 0;
			defaultConfigurationName = Release;
		};
/* End XCConfigurationList section */
	};
	rootObject = BAC0BB23297AFC4300DBB33D /* Project object */;
}
